// !$*UTF8*$!
{
	archiveVersion = 1;
	classes = {
	};
	objectVersion = 48;
	objects = {

/* Begin PBXBuildFile section */
		A01B40561F7A6FDA00C5F029 /* Function.swift in Sources */ = {isa = PBXBuildFile; fileRef = A01B40551F7A6FDA00C5F029 /* Function.swift */; };
		A01B40591F7A760E00C5F029 /* AddReport.swift in Sources */ = {isa = PBXBuildFile; fileRef = A01B40581F7A760E00C5F029 /* AddReport.swift */; };
		A01B405B1F7A762000C5F029 /* AddMember.swift in Sources */ = {isa = PBXBuildFile; fileRef = A01B405A1F7A762000C5F029 /* AddMember.swift */; };
		A01B405D1F7A762700C5F029 /* DefineStudy.swift in Sources */ = {isa = PBXBuildFile; fileRef = A01B405C1F7A762700C5F029 /* DefineStudy.swift */; };
		A069404A1F87733B00E2FC3B /* KeyBoard_Tool.swift in Sources */ = {isa = PBXBuildFile; fileRef = A06940491F87733B00E2FC3B /* KeyBoard_Tool.swift */; };
		A0ADA37F1F8A3A6300050C6E /* MainLogCell.swift in Sources */ = {isa = PBXBuildFile; fileRef = A0ADA37E1F8A3A6300050C6E /* MainLogCell.swift */; };
		A0D9E3FE1F7A4D51000C7208 /* AppDelegate.swift in Sources */ = {isa = PBXBuildFile; fileRef = A0D9E3FD1F7A4D51000C7208 /* AppDelegate.swift */; };
		A0D9E4001F7A4D51000C7208 /* SwitchMain.swift in Sources */ = {isa = PBXBuildFile; fileRef = A0D9E3FF1F7A4D51000C7208 /* SwitchMain.swift */; };
		A0D9E4031F7A4D51000C7208 /* Main.storyboard in Resources */ = {isa = PBXBuildFile; fileRef = A0D9E4011F7A4D51000C7208 /* Main.storyboard */; };
		A0D9E4061F7A4D51000C7208 /* Graduated_Project.xcdatamodeld in Sources */ = {isa = PBXBuildFile; fileRef = A0D9E4041F7A4D51000C7208 /* Graduated_Project.xcdatamodeld */; };
		A0D9E4081F7A4D51000C7208 /* Assets.xcassets in Resources */ = {isa = PBXBuildFile; fileRef = A0D9E4071F7A4D51000C7208 /* Assets.xcassets */; };
		A0D9E40B1F7A4D51000C7208 /* LaunchScreen.storyboard in Resources */ = {isa = PBXBuildFile; fileRef = A0D9E4091F7A4D51000C7208 /* LaunchScreen.storyboard */; };
		A0D9E4141F7A6B26000C7208 /* MainRecent.swift in Sources */ = {isa = PBXBuildFile; fileRef = A0D9E4131F7A6B26000C7208 /* MainRecent.swift */; };
		A0D9E4161F7A6B3C000C7208 /* MainLog.swift in Sources */ = {isa = PBXBuildFile; fileRef = A0D9E4151F7A6B3C000C7208 /* MainLog.swift */; };
		A0EE065D1F7F219800A1EEA8 /* AddReportCell.swift in Sources */ = {isa = PBXBuildFile; fileRef = A0EE065C1F7F219800A1EEA8 /* AddReportCell.swift */; };
		A0EFE61C1F7BAD2B002099A0 /* ShowMember.swift in Sources */ = {isa = PBXBuildFile; fileRef = A0EFE61B1F7BAD2B002099A0 /* ShowMember.swift */; };
		A0EFE61F1F7BAE6E002099A0 /* Struct.swift in Sources */ = {isa = PBXBuildFile; fileRef = A0EFE61E1F7BAE6E002099A0 /* Struct.swift */; };
		A0EFE6211F7BAF1A002099A0 /* ShowMemberCell.swift in Sources */ = {isa = PBXBuildFile; fileRef = A0EFE6201F7BAF1A002099A0 /* ShowMemberCell.swift */; };
		A0EFE6231F7DFBB0002099A0 /* ShowMemberInfo.swift in Sources */ = {isa = PBXBuildFile; fileRef = A0EFE6221F7DFBB0002099A0 /* ShowMemberInfo.swift */; };
		D958F4B388CA07B392A5E10C /* Pods_Graduated_Project.framework in Frameworks */ = {isa = PBXBuildFile; fileRef = CF0EBA4774CC264857DF7AF0 /* Pods_Graduated_Project.framework */; };
/* End PBXBuildFile section */

/* Begin PBXFileReference section */
		A01B40551F7A6FDA00C5F029 /* Function.swift */ = {isa = PBXFileReference; lastKnownFileType = sourcecode.swift; path = Function.swift; sourceTree = "<group>"; };
		A01B40581F7A760E00C5F029 /* AddReport.swift */ = {isa = PBXFileReference; lastKnownFileType = sourcecode.swift; path = AddReport.swift; sourceTree = "<group>"; };
		A01B405A1F7A762000C5F029 /* AddMember.swift */ = {isa = PBXFileReference; lastKnownFileType = sourcecode.swift; path = AddMember.swift; sourceTree = "<group>"; };
		A01B405C1F7A762700C5F029 /* DefineStudy.swift */ = {isa = PBXFileReference; lastKnownFileType = sourcecode.swift; path = DefineStudy.swift; sourceTree = "<group>"; };
		A06940491F87733B00E2FC3B /* KeyBoard_Tool.swift */ = {isa = PBXFileReference; lastKnownFileType = sourcecode.swift; path = KeyBoard_Tool.swift; sourceTree = "<group>"; };
		A0ADA37E1F8A3A6300050C6E /* MainLogCell.swift */ = {isa = PBXFileReference; lastKnownFileType = sourcecode.swift; path = MainLogCell.swift; sourceTree = "<group>"; };
		A0D9E3FA1F7A4D51000C7208 /* Graduated_Project.app */ = {isa = PBXFileReference; explicitFileType = wrapper.application; includeInIndex = 0; path = Graduated_Project.app; sourceTree = BUILT_PRODUCTS_DIR; };
		A0D9E3FD1F7A4D51000C7208 /* AppDelegate.swift */ = {isa = PBXFileReference; lastKnownFileType = sourcecode.swift; path = AppDelegate.swift; sourceTree = "<group>"; };
		A0D9E3FF1F7A4D51000C7208 /* SwitchMain.swift */ = {isa = PBXFileReference; lastKnownFileType = sourcecode.swift; path = SwitchMain.swift; sourceTree = "<group>"; };
		A0D9E4021F7A4D51000C7208 /* Base */ = {isa = PBXFileReference; lastKnownFileType = file.storyboard; name = Base; path = Base.lproj/Main.storyboard; sourceTree = "<group>"; };
		A0D9E4051F7A4D51000C7208 /* Graduated_Project.xcdatamodel */ = {isa = PBXFileReference; lastKnownFileType = wrapper.xcdatamodel; path = Graduated_Project.xcdatamodel; sourceTree = "<group>"; };
		A0D9E4071F7A4D51000C7208 /* Assets.xcassets */ = {isa = PBXFileReference; lastKnownFileType = folder.assetcatalog; path = Assets.xcassets; sourceTree = "<group>"; };
		A0D9E40A1F7A4D51000C7208 /* Base */ = {isa = PBXFileReference; lastKnownFileType = file.storyboard; name = Base; path = Base.lproj/LaunchScreen.storyboard; sourceTree = "<group>"; };
		A0D9E40C1F7A4D51000C7208 /* Info.plist */ = {isa = PBXFileReference; lastKnownFileType = text.plist.xml; path = Info.plist; sourceTree = "<group>"; };
		A0D9E4131F7A6B26000C7208 /* MainRecent.swift */ = {isa = PBXFileReference; lastKnownFileType = sourcecode.swift; path = MainRecent.swift; sourceTree = "<group>"; };
		A0D9E4151F7A6B3C000C7208 /* MainLog.swift */ = {isa = PBXFileReference; lastKnownFileType = sourcecode.swift; path = MainLog.swift; sourceTree = "<group>"; };
		A0EE065C1F7F219800A1EEA8 /* AddReportCell.swift */ = {isa = PBXFileReference; lastKnownFileType = sourcecode.swift; path = AddReportCell.swift; sourceTree = "<group>"; };
		A0EFE61B1F7BAD2B002099A0 /* ShowMember.swift */ = {isa = PBXFileReference; lastKnownFileType = sourcecode.swift; path = ShowMember.swift; sourceTree = "<group>"; };
		A0EFE61E1F7BAE6E002099A0 /* Struct.swift */ = {isa = PBXFileReference; lastKnownFileType = sourcecode.swift; path = Struct.swift; sourceTree = "<group>"; };
		A0EFE6201F7BAF1A002099A0 /* ShowMemberCell.swift */ = {isa = PBXFileReference; lastKnownFileType = sourcecode.swift; path = ShowMemberCell.swift; sourceTree = "<group>"; };
		A0EFE6221F7DFBB0002099A0 /* ShowMemberInfo.swift */ = {isa = PBXFileReference; lastKnownFileType = sourcecode.swift; path = ShowMemberInfo.swift; sourceTree = "<group>"; };
		CF0EBA4774CC264857DF7AF0 /* Pods_Graduated_Project.framework */ = {isa = PBXFileReference; explicitFileType = wrapper.framework; includeInIndex = 0; path = Pods_Graduated_Project.framework; sourceTree = BUILT_PRODUCTS_DIR; };
		D1D8C5ECAC7705368EC6CC8B /* Pods-Graduated_Project.release.xcconfig */ = {isa = PBXFileReference; includeInIndex = 1; lastKnownFileType = text.xcconfig; name = "Pods-Graduated_Project.release.xcconfig"; path = "Pods/Target Support Files/Pods-Graduated_Project/Pods-Graduated_Project.release.xcconfig"; sourceTree = "<group>"; };
		F6F72EAAFA4BE51BBCDA110A /* Pods-Graduated_Project.debug.xcconfig */ = {isa = PBXFileReference; includeInIndex = 1; lastKnownFileType = text.xcconfig; name = "Pods-Graduated_Project.debug.xcconfig"; path = "Pods/Target Support Files/Pods-Graduated_Project/Pods-Graduated_Project.debug.xcconfig"; sourceTree = "<group>"; };
/* End PBXFileReference section */

/* Begin PBXFrameworksBuildPhase section */
		A0D9E3F71F7A4D51000C7208 /* Frameworks */ = {
			isa = PBXFrameworksBuildPhase;
			buildActionMask = 2147483647;
			files = (
				D958F4B388CA07B392A5E10C /* Pods_Graduated_Project.framework in Frameworks */,
			);
			runOnlyForDeploymentPostprocessing = 0;
		};
/* End PBXFrameworksBuildPhase section */

/* Begin PBXGroup section */
		A01B40571F7A760300C5F029 /* Add */ = {
			isa = PBXGroup;
			children = (
				A01B40581F7A760E00C5F029 /* AddReport.swift */,
				A0EE065C1F7F219800A1EEA8 /* AddReportCell.swift */,
				A01B405A1F7A762000C5F029 /* AddMember.swift */,
				A01B405C1F7A762700C5F029 /* DefineStudy.swift */,
			);
			path = Add;
			sourceTree = "<group>";
		};
		A0D9E3F11F7A4D51000C7208 = {
			isa = PBXGroup;
			children = (
				A0D9E3FC1F7A4D51000C7208 /* Graduated_Project */,
				A0D9E3FB1F7A4D51000C7208 /* Products */,
				CEB5EFEAD164EC86905E0A97 /* Pods */,
				AAF917EC7D273C44989B3D84 /* Frameworks */,
			);
			sourceTree = "<group>";
		};
		A0D9E3FB1F7A4D51000C7208 /* Products */ = {
			isa = PBXGroup;
			children = (
				A0D9E3FA1F7A4D51000C7208 /* Graduated_Project.app */,
			);
			name = Products;
			sourceTree = "<group>";
		};
		A0D9E3FC1F7A4D51000C7208 /* Graduated_Project */ = {
			isa = PBXGroup;
			children = (
				A0EFE61D1F7BAE51002099A0 /* Struct & Function */,
				A01B40571F7A760300C5F029 /* Add */,
				A0D9E4121F7A6B08000C7208 /* View */,
				A0D9E3FD1F7A4D51000C7208 /* AppDelegate.swift */,
				A0D9E3FF1F7A4D51000C7208 /* SwitchMain.swift */,
				A0D9E4011F7A4D51000C7208 /* Main.storyboard */,
				A0D9E4071F7A4D51000C7208 /* Assets.xcassets */,
				A0D9E4091F7A4D51000C7208 /* LaunchScreen.storyboard */,
				A0D9E40C1F7A4D51000C7208 /* Info.plist */,
				A0D9E4041F7A4D51000C7208 /* Graduated_Project.xcdatamodeld */,
			);
			path = Graduated_Project;
			sourceTree = "<group>";
		};
		A0D9E4121F7A6B08000C7208 /* View */ = {
			isa = PBXGroup;
			children = (
				A0D9E4131F7A6B26000C7208 /* MainRecent.swift */,
				A0D9E4151F7A6B3C000C7208 /* MainLog.swift */,
				A0ADA37E1F8A3A6300050C6E /* MainLogCell.swift */,
				A0EFE61B1F7BAD2B002099A0 /* ShowMember.swift */,
				A0EFE6201F7BAF1A002099A0 /* ShowMemberCell.swift */,
				A0EFE6221F7DFBB0002099A0 /* ShowMemberInfo.swift */,
			);
			path = View;
			sourceTree = "<group>";
		};
		A0EFE61D1F7BAE51002099A0 /* Struct & Function */ = {
			isa = PBXGroup;
			children = (
				A01B40551F7A6FDA00C5F029 /* Function.swift */,
				A0EFE61E1F7BAE6E002099A0 /* Struct.swift */,
				A06940491F87733B00E2FC3B /* KeyBoard_Tool.swift */,
			);
			path = "Struct & Function";
			sourceTree = "<group>";
		};
		AAF917EC7D273C44989B3D84 /* Frameworks */ = {
			isa = PBXGroup;
			children = (
				CF0EBA4774CC264857DF7AF0 /* Pods_Graduated_Project.framework */,
			);
			name = Frameworks;
			sourceTree = "<group>";
		};
		CEB5EFEAD164EC86905E0A97 /* Pods */ = {
			isa = PBXGroup;
			children = (
				F6F72EAAFA4BE51BBCDA110A /* Pods-Graduated_Project.debug.xcconfig */,
				D1D8C5ECAC7705368EC6CC8B /* Pods-Graduated_Project.release.xcconfig */,
			);
			name = Pods;
			sourceTree = "<group>";
		};
/* End PBXGroup section */

/* Begin PBXNativeTarget section */
		A0D9E3F91F7A4D51000C7208 /* Graduated_Project */ = {
			isa = PBXNativeTarget;
			buildConfigurationList = A0D9E40F1F7A4D51000C7208 /* Build configuration list for PBXNativeTarget "Graduated_Project" */;
			buildPhases = (
				7F8265B7EC6D8CFA6697360E /* [CP] Check Pods Manifest.lock */,
				A0D9E3F61F7A4D51000C7208 /* Sources */,
				A0D9E3F71F7A4D51000C7208 /* Frameworks */,
				A0D9E3F81F7A4D51000C7208 /* Resources */,
				F5C224C060D39FD95816772C /* [CP] Embed Pods Frameworks */,
				422E308CD83AD236F37A11E9 /* [CP] Copy Pods Resources */,
			);
			buildRules = (
			);
			dependencies = (
			);
			name = Graduated_Project;
			productName = Graduated_Project;
			productReference = A0D9E3FA1F7A4D51000C7208 /* Graduated_Project.app */;
			productType = "com.apple.product-type.application";
		};
/* End PBXNativeTarget section */

/* Begin PBXProject section */
		A0D9E3F21F7A4D51000C7208 /* Project object */ = {
			isa = PBXProject;
			attributes = {
				LastSwiftUpdateCheck = 0900;
				LastUpgradeCheck = 0900;
				ORGANIZATIONNAME = JS;
				TargetAttributes = {
					A0D9E3F91F7A4D51000C7208 = {
						CreatedOnToolsVersion = 9.0;
						ProvisioningStyle = Automatic;
					};
				};
			};
			buildConfigurationList = A0D9E3F51F7A4D51000C7208 /* Build configuration list for PBXProject "Graduated_Project" */;
			compatibilityVersion = "Xcode 8.0";
			developmentRegion = en;
			hasScannedForEncodings = 0;
			knownRegions = (
				en,
				Base,
			);
			mainGroup = A0D9E3F11F7A4D51000C7208;
			productRefGroup = A0D9E3FB1F7A4D51000C7208 /* Products */;
			projectDirPath = "";
			projectRoot = "";
			targets = (
				A0D9E3F91F7A4D51000C7208 /* Graduated_Project */,
			);
		};
/* End PBXProject section */

/* Begin PBXResourcesBuildPhase section */
		A0D9E3F81F7A4D51000C7208 /* Resources */ = {
			isa = PBXResourcesBuildPhase;
			buildActionMask = 2147483647;
			files = (
				A0D9E40B1F7A4D51000C7208 /* LaunchScreen.storyboard in Resources */,
				A0D9E4081F7A4D51000C7208 /* Assets.xcassets in Resources */,
				A0D9E4031F7A4D51000C7208 /* Main.storyboard in Resources */,
			);
			runOnlyForDeploymentPostprocessing = 0;
		};
/* End PBXResourcesBuildPhase section */

/* Begin PBXShellScriptBuildPhase section */
		422E308CD83AD236F37A11E9 /* [CP] Copy Pods Resources */ = {
			isa = PBXShellScriptBuildPhase;
			buildActionMask = 2147483647;
			files = (
			);
			inputPaths = (
			);
			name = "[CP] Copy Pods Resources";
			outputPaths = (
			);
			runOnlyForDeploymentPostprocessing = 0;
			shellPath = /bin/sh;
			shellScript = "\"${SRCROOT}/Pods/Target Support Files/Pods-Graduated_Project/Pods-Graduated_Project-resources.sh\"\n";
			showEnvVarsInLog = 0;
		};
		7F8265B7EC6D8CFA6697360E /* [CP] Check Pods Manifest.lock */ = {
			isa = PBXShellScriptBuildPhase;
			buildActionMask = 2147483647;
			files = (
			);
			inputPaths = (
				"${PODS_PODFILE_DIR_PATH}/Podfile.lock",
				"${PODS_ROOT}/Manifest.lock",
			);
			name = "[CP] Check Pods Manifest.lock";
			outputPaths = (
				"$(DERIVED_FILE_DIR)/Pods-Graduated_Project-checkManifestLockResult.txt",
			);
			runOnlyForDeploymentPostprocessing = 0;
			shellPath = /bin/sh;
			shellScript = "diff \"${PODS_PODFILE_DIR_PATH}/Podfile.lock\" \"${PODS_ROOT}/Manifest.lock\" > /dev/null\nif [ $? != 0 ] ; then\n    # print error to STDERR\n    echo \"error: The sandbox is not in sync with the Podfile.lock. Run 'pod install' or update your CocoaPods installation.\" >&2\n    exit 1\nfi\n# This output is used by Xcode 'outputs' to avoid re-running this script phase.\necho \"SUCCESS\" > \"${SCRIPT_OUTPUT_FILE_0}\"\n";
			showEnvVarsInLog = 0;
		};
		F5C224C060D39FD95816772C /* [CP] Embed Pods Frameworks */ = {
			isa = PBXShellScriptBuildPhase;
			buildActionMask = 2147483647;
			files = (
			);
			inputPaths = (
				"${SRCROOT}/Pods/Target Support Files/Pods-Graduated_Project/Pods-Graduated_Project-frameworks.sh",
				"${BUILT_PRODUCTS_DIR}/Alamofire/Alamofire.framework",
				"${BUILT_PRODUCTS_DIR}/BEMCheckBox/BEMCheckBox.framework",
				"${BUILT_PRODUCTS_DIR}/Charts/Charts.framework",
				"${BUILT_PRODUCTS_DIR}/CodableAlamofire/CodableAlamofire.framework",
			);
			name = "[CP] Embed Pods Frameworks";
			outputPaths = (
				"${TARGET_BUILD_DIR}/${FRAMEWORKS_FOLDER_PATH}/Alamofire.framework",
				"${TARGET_BUILD_DIR}/${FRAMEWORKS_FOLDER_PATH}/BEMCheckBox.framework",
				"${TARGET_BUILD_DIR}/${FRAMEWORKS_FOLDER_PATH}/Charts.framework",
				"${TARGET_BUILD_DIR}/${FRAMEWORKS_FOLDER_PATH}/CodableAlamofire.framework",
			);
			runOnlyForDeploymentPostprocessing = 0;
			shellPath = /bin/sh;
			shellScript = "\"${SRCROOT}/Pods/Target Support Files/Pods-Graduated_Project/Pods-Graduated_Project-frameworks.sh\"\n";
			showEnvVarsInLog = 0;
		};
/* End PBXShellScriptBuildPhase section */

/* Begin PBXSourcesBuildPhase section */
		A0D9E3F61F7A4D51000C7208 /* Sources */ = {
			isa = PBXSourcesBuildPhase;
			buildActionMask = 2147483647;
			files = (
				A0D9E4061F7A4D51000C7208 /* Graduated_Project.xcdatamodeld in Sources */,
				A0D9E4141F7A6B26000C7208 /* MainRecent.swift in Sources */,
				A0EFE61C1F7BAD2B002099A0 /* ShowMember.swift in Sources */,
				A0ADA37F1F8A3A6300050C6E /* MainLogCell.swift in Sources */,
				A0D9E4001F7A4D51000C7208 /* SwitchMain.swift in Sources */,
				A01B405B1F7A762000C5F029 /* AddMember.swift in Sources */,
				A01B40561F7A6FDA00C5F029 /* Function.swift in Sources */,
				A0EFE6231F7DFBB0002099A0 /* ShowMemberInfo.swift in Sources */,
				A0D9E3FE1F7A4D51000C7208 /* AppDelegate.swift in Sources */,
				A0EE065D1F7F219800A1EEA8 /* AddReportCell.swift in Sources */,
				A01B40591F7A760E00C5F029 /* AddReport.swift in Sources */,
				A0EFE6211F7BAF1A002099A0 /* ShowMemberCell.swift in Sources */,
				A01B405D1F7A762700C5F029 /* DefineStudy.swift in Sources */,
				A0D9E4161F7A6B3C000C7208 /* MainLog.swift in Sources */,
				A069404A1F87733B00E2FC3B /* KeyBoard_Tool.swift in Sources */,
				A0EFE61F1F7BAE6E002099A0 /* Struct.swift in Sources */,
			);
			runOnlyForDeploymentPostprocessing = 0;
		};
/* End PBXSourcesBuildPhase section */

/* Begin PBXVariantGroup section */
		A0D9E4011F7A4D51000C7208 /* Main.storyboard */ = {
			isa = PBXVariantGroup;
			children = (
				A0D9E4021F7A4D51000C7208 /* Base */,
			);
			name = Main.storyboard;
			sourceTree = "<group>";
		};
		A0D9E4091F7A4D51000C7208 /* LaunchScreen.storyboard */ = {
			isa = PBXVariantGroup;
			children = (
				A0D9E40A1F7A4D51000C7208 /* Base */,
			);
			name = LaunchScreen.storyboard;
			sourceTree = "<group>";
		};
/* End PBXVariantGroup section */

/* Begin XCBuildConfiguration section */
		A0D9E40D1F7A4D51000C7208 /* Debug */ = {
			isa = XCBuildConfiguration;
			buildSettings = {
				ALWAYS_SEARCH_USER_PATHS = NO;
				CLANG_ANALYZER_NONNULL = YES;
				CLANG_ANALYZER_NUMBER_OBJECT_CONVERSION = YES_AGGRESSIVE;
				CLANG_CXX_LANGUAGE_STANDARD = "gnu++14";
				CLANG_CXX_LIBRARY = "libc++";
				CLANG_ENABLE_MODULES = YES;
				CLANG_ENABLE_OBJC_ARC = YES;
				CLANG_WARN_BLOCK_CAPTURE_AUTORELEASING = YES;
				CLANG_WARN_BOOL_CONVERSION = YES;
				CLANG_WARN_COMMA = YES;
				CLANG_WARN_CONSTANT_CONVERSION = YES;
				CLANG_WARN_DIRECT_OBJC_ISA_USAGE = YES_ERROR;
				CLANG_WARN_DOCUMENTATION_COMMENTS = YES;
				CLANG_WARN_EMPTY_BODY = YES;
				CLANG_WARN_ENUM_CONVERSION = YES;
				CLANG_WARN_INFINITE_RECURSION = YES;
				CLANG_WARN_INT_CONVERSION = YES;
				CLANG_WARN_NON_LITERAL_NULL_CONVERSION = YES;
				CLANG_WARN_OBJC_LITERAL_CONVERSION = YES;
				CLANG_WARN_OBJC_ROOT_CLASS = YES_ERROR;
				CLANG_WARN_RANGE_LOOP_ANALYSIS = YES;
				CLANG_WARN_STRICT_PROTOTYPES = YES;
				CLANG_WARN_SUSPICIOUS_MOVE = YES;
				CLANG_WARN_UNGUARDED_AVAILABILITY = YES_AGGRESSIVE;
				CLANG_WARN_UNREACHABLE_CODE = YES;
				CLANG_WARN__DUPLICATE_METHOD_MATCH = YES;
				CODE_SIGN_IDENTITY = "iPhone Developer";
				COPY_PHASE_STRIP = NO;
				DEBUG_INFORMATION_FORMAT = dwarf;
				ENABLE_STRICT_OBJC_MSGSEND = YES;
				ENABLE_TESTABILITY = YES;
				GCC_C_LANGUAGE_STANDARD = gnu11;
				GCC_DYNAMIC_NO_PIC = NO;
				GCC_NO_COMMON_BLOCKS = YES;
				GCC_OPTIMIZATION_LEVEL = 0;
				GCC_PREPROCESSOR_DEFINITIONS = (
					"DEBUG=1",
					"$(inherited)",
				);
				GCC_WARN_64_TO_32_BIT_CONVERSION = YES;
				GCC_WARN_ABOUT_RETURN_TYPE = YES_ERROR;
				GCC_WARN_UNDECLARED_SELECTOR = YES;
				GCC_WARN_UNINITIALIZED_AUTOS = YES_AGGRESSIVE;
				GCC_WARN_UNUSED_FUNCTION = YES;
				GCC_WARN_UNUSED_VARIABLE = YES;
				IPHONEOS_DEPLOYMENT_TARGET = 11.0;
				MTL_ENABLE_DEBUG_INFO = YES;
				ONLY_ACTIVE_ARCH = YES;
				SDKROOT = iphoneos;
				SWIFT_ACTIVE_COMPILATION_CONDITIONS = DEBUG;
				SWIFT_OPTIMIZATION_LEVEL = "-Onone";
			};
			name = Debug;
		};
		A0D9E40E1F7A4D51000C7208 /* Release */ = {
			isa = XCBuildConfiguration;
			buildSettings = {
				ALWAYS_SEARCH_USER_PATHS = NO;
				CLANG_ANALYZER_NONNULL = YES;
				CLANG_ANALYZER_NUMBER_OBJECT_CONVERSION = YES_AGGRESSIVE;
				CLANG_CXX_LANGUAGE_STANDARD = "gnu++14";
				CLANG_CXX_LIBRARY = "libc++";
				CLANG_ENABLE_MODULES = YES;
				CLANG_ENABLE_OBJC_ARC = YES;
				CLANG_WARN_BLOCK_CAPTURE_AUTORELEASING = YES;
				CLANG_WARN_BOOL_CONVERSION = YES;
				CLANG_WARN_COMMA = YES;
				CLANG_WARN_CONSTANT_CONVERSION = YES;
				CLANG_WARN_DIRECT_OBJC_ISA_USAGE = YES_ERROR;
				CLANG_WARN_DOCUMENTATION_COMMENTS = YES;
				CLANG_WARN_EMPTY_BODY = YES;
				CLANG_WARN_ENUM_CONVERSION = YES;
				CLANG_WARN_INFINITE_RECURSION = YES;
				CLANG_WARN_INT_CONVERSION = YES;
				CLANG_WARN_NON_LITERAL_NULL_CONVERSION = YES;
				CLANG_WARN_OBJC_LITERAL_CONVERSION = YES;
				CLANG_WARN_OBJC_ROOT_CLASS = YES_ERROR;
				CLANG_WARN_RANGE_LOOP_ANALYSIS = YES;
				CLANG_WARN_STRICT_PROTOTYPES = YES;
				CLANG_WARN_SUSPICIOUS_MOVE = YES;
				CLANG_WARN_UNGUARDED_AVAILABILITY = YES_AGGRESSIVE;
				CLANG_WARN_UNREACHABLE_CODE = YES;
				CLANG_WARN__DUPLICATE_METHOD_MATCH = YES;
				CODE_SIGN_IDENTITY = "iPhone Developer";
				COPY_PHASE_STRIP = NO;
				DEBUG_INFORMATION_FORMAT = "dwarf-with-dsym";
				ENABLE_NS_ASSERTIONS = NO;
				ENABLE_STRICT_OBJC_MSGSEND = YES;
				GCC_C_LANGUAGE_STANDARD = gnu11;
				GCC_NO_COMMON_BLOCKS = YES;
				GCC_WARN_64_TO_32_BIT_CONVERSION = YES;
				GCC_WARN_ABOUT_RETURN_TYPE = YES_ERROR;
				GCC_WARN_UNDECLARED_SELECTOR = YES;
				GCC_WARN_UNINITIALIZED_AUTOS = YES_AGGRESSIVE;
				GCC_WARN_UNUSED_FUNCTION = YES;
				GCC_WARN_UNUSED_VARIABLE = YES;
				IPHONEOS_DEPLOYMENT_TARGET = 11.0;
				MTL_ENABLE_DEBUG_INFO = NO;
				SDKROOT = iphoneos;
				SWIFT_OPTIMIZATION_LEVEL = "-Owholemodule";
				VALIDATE_PRODUCT = YES;
			};
			name = Release;
		};
		A0D9E4101F7A4D51000C7208 /* Debug */ = {
			isa = XCBuildConfiguration;
			baseConfigurationReference = F6F72EAAFA4BE51BBCDA110A /* Pods-Graduated_Project.debug.xcconfig */;
			buildSettings = {
				ASSETCATALOG_COMPILER_APPICON_NAME = AppIcon;
				CODE_SIGN_STYLE = Automatic;
				DEVELOPMENT_TEAM = 689KAW4595;
				INFOPLIST_FILE = Graduated_Project/Info.plist;
				LD_RUNPATH_SEARCH_PATHS = "$(inherited) @executable_path/Frameworks";
				PRODUCT_BUNDLE_IDENTIFIER = "JS.Graduated-Project";
				PRODUCT_NAME = "$(TARGET_NAME)";
				SWIFT_VERSION = 4.0;
				TARGETED_DEVICE_FAMILY = "1,2";
			};
			name = Debug;
		};
		A0D9E4111F7A4D51000C7208 /* Release */ = {
			isa = XCBuildConfiguration;
			baseConfigurationReference = D1D8C5ECAC7705368EC6CC8B /* Pods-Graduated_Project.release.xcconfig */;
			buildSettings = {
				ASSETCATALOG_COMPILER_APPICON_NAME = AppIcon;
				CODE_SIGN_STYLE = Automatic;
				DEVELOPMENT_TEAM = 689KAW4595;
				INFOPLIST_FILE = Graduated_Project/Info.plist;
				LD_RUNPATH_SEARCH_PATHS = "$(inherited) @executable_path/Frameworks";
				PRODUCT_BUNDLE_IDENTIFIER = "JS.Graduated-Project";
				PRODUCT_NAME = "$(TARGET_NAME)";
				SWIFT_VERSION = 4.0;
				TARGETED_DEVICE_FAMILY = "1,2";
			};
			name = Release;
		};
/* End XCBuildConfiguration section */

/* Begin XCConfigurationList section */
		A0D9E3F51F7A4D51000C7208 /* Build configuration list for PBXProject "Graduated_Project" */ = {
			isa = XCConfigurationList;
			buildConfigurations = (
				A0D9E40D1F7A4D51000C7208 /* Debug */,
				A0D9E40E1F7A4D51000C7208 /* Release */,
			);
			defaultConfigurationIsVisible = 0;
			defaultConfigurationName = Release;
		};
		A0D9E40F1F7A4D51000C7208 /* Build configuration list for PBXNativeTarget "Graduated_Project" */ = {
			isa = XCConfigurationList;
			buildConfigurations = (
				A0D9E4101F7A4D51000C7208 /* Debug */,
				A0D9E4111F7A4D51000C7208 /* Release */,
			);
			defaultConfigurationIsVisible = 0;
			defaultConfigurationName = Release;
		};
/* End XCConfigurationList section */

/* Begin XCVersionGroup section */
		A0D9E4041F7A4D51000C7208 /* Graduated_Project.xcdatamodeld */ = {
			isa = XCVersionGroup;
			children = (
				A0D9E4051F7A4D51000C7208 /* Graduated_Project.xcdatamodel */,
			);
			currentVersion = A0D9E4051F7A4D51000C7208 /* Graduated_Project.xcdatamodel */;
			path = Graduated_Project.xcdatamodeld;
			sourceTree = "<group>";
			versionGroupType = wrapper.xcdatamodel;
		};
/* End XCVersionGroup section */
	};
	rootObject = A0D9E3F21F7A4D51000C7208 /* Project object */;
}
